
Microsoft Visual Studio Solution File, Format Version 12.00
# Visual Studio Version 16
VisualStudioVersion = 16.0.31321.278
MinimumVisualStudioVersion = 10.0.40219.1
Project("{9A19103F-16F7-4668-BE54-9A1E7A4F7556}") = "RuleEngineCore", "RuleEngineCore\RuleEngineCore.csproj", "{D5B4A031-12DC-4AA4-ABF2-9C259FDD6F36}"
EndProject
Project("{9A19103F-16F7-4668-BE54-9A1E7A4F7556}") = "TestProject1", "TestProject1\TestProject1.csproj", "{53F7A6ED-7798-44DC-826B-0754581A2E40}"
EndProject
Global
	GlobalSection(SolutionConfigurationPlatforms) = preSolution
		Debug|Any CPU = Debug|Any CPU
		Release|Any CPU = Release|Any CPU
	EndGlobalSection
	GlobalSection(ProjectConfigurationPlatforms) = postSolution
		{D5B4A031-12DC-4AA4-ABF2-9C259FDD6F36}.Debug|Any CPU.ActiveCfg = Debug|Any CPU
		{D5B4A031-12DC-4AA4-ABF2-9C259FDD6F36}.Debug|Any CPU.Build.0 = Debug|Any CPU
		{D5B4A031-12DC-4AA4-ABF2-9C259FDD6F36}.Release|Any CPU.ActiveCfg = Release|Any CPU
		{D5B4A031-12DC-4AA4-ABF2-9C259FDD6F36}.Release|Any CPU.Build.0 = Release|Any CPU
		{53F7A6ED-7798-44DC-826B-0754581A2E40}.Debug|Any CPU.ActiveCfg = Debug|Any CPU
		{53F7A6ED-7798-44DC-826B-0754581A2E40}.Debug|Any CPU.Build.0 = Debug|Any CPU
		{53F7A6ED-7798-44DC-826B-0754581A2E40}.Release|Any CPU.ActiveCfg = Release|Any CPU
		{53F7A6ED-7798-44DC-826B-0754581A2E40}.Release|Any CPU.Build.0 = Release|Any CPU
	EndGlobalSection
	GlobalSection(SolutionProperties) = preSolution
		HideSolutionNode = FALSE
	EndGlobalSection
	GlobalSection(ExtensibilityGlobals) = postSolution
		SolutionGuid = {431F748E-5E49-44E2-BABC-CECD5D776C42}
	EndGlobalSection
EndGlobal
